<?xml version="1.0" encoding="utf-8"?>
<Project ToolsVersion="4.0" xmlns="http://schemas.microsoft.com/developer/msbuild/2003">
  <ItemGroup>
    <Filter Include="Quelldateien">
      <UniqueIdentifier>{4FC737F1-C7A5-4376-A066-2A32D752A2FF}</UniqueIdentifier>
      <Extensions>cpp;c;cc;cxx;def;odl;idl;hpj;bat;asm;asmx</Extensions>
    </Filter>
    <Filter Include="Headerdateien">
      <UniqueIdentifier>{93995380-89BD-4b04-88EB-625FBE52EBFB}</UniqueIdentifier>
      <Extensions>h;hh;hpp;hxx;hm;inl;inc;ipp;xsd</Extensions>
    </Filter>
    <Filter Include="Ressourcendateien">
      <UniqueIdentifier>{67DA6AB6-F800-4c08-8B7A-83BB121AAD01}</UniqueIdentifier>
      <Extensions>rc;ico;cur;bmp;dlg;rc2;rct;bin;rgs;gif;jpg;jpeg;jpe;resx;tiff;tif;png;wav;mfcribbon-ms</Extensions>
    </Filter>
  </ItemGroup>
  <ItemGroup>
    <ClInclude Include="SourceVoice.h">
      <Filter>Headerdateien</Filter>
    </ClInclude>
    <ClInclude Include="XAudio2Basics.h">
      <Filter>Headerdateien</Filter>
    </ClInclude>
    <ClInclude Include="SubmixVoice.h">
      <Filter>Headerdateien</Filter>
    </ClInclude>
    <ClInclude Include="MelonSoundEngine.h">
      <Filter>Headerdateien</Filter>
    </ClInclude>
    <ClInclude Include="SourceVoice3D.h">
      <Filter>Headerdateien</Filter>
    </ClInclude>
    <ClInclude Include="Voice.h">
      <Filter>Headerdateien</Filter>
    </ClInclude>
    <ClInclude Include="MelonVector3D.h">
      <Filter>Headerdateien</Filter>
    </ClInclude>
    <ClInclude Include="Listener.h">
      <Filter>Headerdateien</Filter>
    </ClInclude>
    <ClInclude Include="MelonMatrix3.h">
      <Filter>Headerdateien</Filter>
    </ClInclude>
    <ClInclude Include="IVoiceNotify.h">
      <Filter>Headerdateien</Filter>
    </ClInclude>
    <ClInclude Include="ReverbXAPO.h">
      <Filter>Headerdateien</Filter>
    </ClInclude>
  </ItemGroup>
  <ItemGroup>
    <ClCompile Include="SourceVoice.cpp">
      <Filter>Quelldateien</Filter>
    </ClCompile>
    <ClCompile Include="SubmixVoice.cpp">
      <Filter>Quelldateien</Filter>
    </ClCompile>
    <ClCompile Include="MelonSoundEngine.cpp">
      <Filter>Quelldateien</Filter>
    </ClCompile>
    <ClCompile Include="SourceVoice3D.cpp">
      <Filter>Quelldateien</Filter>
    </ClCompile>
    <ClCompile Include="MelonVector3D.cpp">
      <Filter>Quelldateien</Filter>
    </ClCompile>
    <ClCompile Include="Listener.cpp">
      <Filter>Quelldateien</Filter>
    </ClCompile>
    <ClCompile Include="MelonMatrix3.cpp">
      <Filter>Quelldateien</Filter>
    </ClCompile>
    <ClCompile Include="ReverbXAPO.cpp">
      <Filter>Quelldateien</Filter>
    </ClCompile>
  </ItemGroup>
</Project>